{
    "_readme": [
        "This file locks the dependencies of your project to a known state",
        "Read more about it at https://getcomposer.org/doc/01-basic-usage.md#installing-dependencies",
        "This file is @generated automatically"
    ],
    "content-hash": "781c8fb3a63497013fc2e4b8f1eb5acd",
    "packages": [
        {
            "name": "ianw/quickchart",
            "version": "v1.2.2",
            "source": {
                "type": "git",
                "url": "https://github.com/typpo/quickchart-php.git",
                "reference": "7493dc907f5c33606ccab982a48b29e24524d7ff"
            },
            "dist": {
                "type": "zip",
                "url": "https://api.github.com/repos/typpo/quickchart-php/zipball/7493dc907f5c33606ccab982a48b29e24524d7ff",
                "reference": "7493dc907f5c33606ccab982a48b29e24524d7ff",
                "shasum": ""
            },
            "require": {
                "php": ">=5.3.0"
            },
            "type": "library",
            "autoload": {
                "psr-4": {
                    "": ""
                }
            },
            "notification-url": "https://packagist.org/downloads/",
            "license": [
                "MIT"
            ],
            "authors": [
                {
                    "name": "Ian Webster",
                    "homepage": "https://quickchart.io/"
                }
            ],
            "description": "QuickChart chart API",
            "homepage": "http://github.com/typpo/quickchart-php",
            "keywords": [
                "bar-chart",
                "chart",
                "chart-api",
                "charts",
                "image",
                "line-chart"
            ],
            "support": {
                "issues": "https://github.com/typpo/quickchart-php/issues",
                "source": "https://github.com/typpo/quickchart-php/tree/v1.2.2"
            },
            "time": "2023-03-22T16:46:09+00:00"
        }
    ],
    "packages-dev": [],
    "aliases": [],
    "minimum-stability": "stable",
    "stability-flags": [],
    "prefer-stable": false,
    "prefer-lowest": false,
    "platform": [],
    "platform-dev": [],
    "plugin-api-version": "2.3.0"
}
